// !$*UTF8*$!
{
	archiveVersion = 1;
	classes = {
	};
	objectVersion = 50;
	objects = {

/* Begin PBXBuildFile section */
		825B4B9721707181002AB0E9 /* Main.storyboard in Resources */ = {isa = PBXBuildFile; fileRef = 82F12F23216B405700FE32B0 /* Main.storyboard */; };
		825B4B9821707183002AB0E9 /* Main.storyboard in Resources */ = {isa = PBXBuildFile; fileRef = 82F12F23216B405700FE32B0 /* Main.storyboard */; };
		82F12F20216B405700FE32B0 /* AppDelegate.swift in Sources */ = {isa = PBXBuildFile; fileRef = 82F12F1F216B405700FE32B0 /* AppDelegate.swift */; };
		82F12F22216B405700FE32B0 /* ViewController.swift in Sources */ = {isa = PBXBuildFile; fileRef = 82F12F21216B405700FE32B0 /* ViewController.swift */; };
		82F12F25216B405700FE32B0 /* Main.storyboard in Resources */ = {isa = PBXBuildFile; fileRef = 82F12F23216B405700FE32B0 /* Main.storyboard */; };
		82F12F27216B405A00FE32B0 /* Assets.xcassets in Resources */ = {isa = PBXBuildFile; fileRef = 82F12F26216B405A00FE32B0 /* Assets.xcassets */; };
		82F12F2A216B405A00FE32B0 /* LaunchScreen.storyboard in Resources */ = {isa = PBXBuildFile; fileRef = 82F12F28216B405A00FE32B0 /* LaunchScreen.storyboard */; };
		82F12F35216B405A00FE32B0 /* CPBLtestTests.swift in Sources */ = {isa = PBXBuildFile; fileRef = 82F12F34216B405A00FE32B0 /* CPBLtestTests.swift */; };
		82F12F40216B405A00FE32B0 /* CPBLtestUITests.swift in Sources */ = {isa = PBXBuildFile; fileRef = 82F12F3F216B405A00FE32B0 /* CPBLtestUITests.swift */; };
/* End PBXBuildFile section */

/* Begin PBXContainerItemProxy section */
		82F12F31216B405A00FE32B0 /* PBXContainerItemProxy */ = {
			isa = PBXContainerItemProxy;
			containerPortal = 82F12F14216B405700FE32B0 /* Project object */;
			proxyType = 1;
			remoteGlobalIDString = 82F12F1B216B405700FE32B0;
			remoteInfo = CPBLtest;
		};
		82F12F3C216B405A00FE32B0 /* PBXContainerItemProxy */ = {
			isa = PBXContainerItemProxy;
			containerPortal = 82F12F14216B405700FE32B0 /* Project object */;
			proxyType = 1;
			remoteGlobalIDString = 82F12F1B216B405700FE32B0;
			remoteInfo = CPBLtest;
		};
/* End PBXContainerItemProxy section */

/* Begin PBXFileReference section */
		82F12F1C216B405700FE32B0 /* CPBLtest.app */ = {isa = PBXFileReference; explicitFileType = wrapper.application; includeInIndex = 0; path = CPBLtest.app; sourceTree = BUILT_PRODUCTS_DIR; };
		82F12F1F216B405700FE32B0 /* AppDelegate.swift */ = {isa = PBXFileReference; lastKnownFileType = sourcecode.swift; path = AppDelegate.swift; sourceTree = "<group>"; };
		82F12F21216B405700FE32B0 /* ViewController.swift */ = {isa = PBXFileReference; lastKnownFileType = sourcecode.swift; path = ViewController.swift; sourceTree = "<group>"; };
		82F12F24216B405700FE32B0 /* Base */ = {isa = PBXFileReference; lastKnownFileType = file.storyboard; name = Base; path = Base.lproj/Main.storyboard; sourceTree = "<group>"; };
		82F12F26216B405A00FE32B0 /* Assets.xcassets */ = {isa = PBXFileReference; lastKnownFileType = folder.assetcatalog; path = Assets.xcassets; sourceTree = "<group>"; };
		82F12F29216B405A00FE32B0 /* Base */ = {isa = PBXFileReference; lastKnownFileType = file.storyboard; name = Base; path = Base.lproj/LaunchScreen.storyboard; sourceTree = "<group>"; };
		82F12F2B216B405A00FE32B0 /* Info.plist */ = {isa = PBXFileReference; lastKnownFileType = text.plist.xml; path = Info.plist; sourceTree = "<group>"; };
		82F12F30216B405A00FE32B0 /* CPBLtestTests.xctest */ = {isa = PBXFileReference; explicitFileType = wrapper.cfbundle; includeInIndex = 0; path = CPBLtestTests.xctest; sourceTree = BUILT_PRODUCTS_DIR; };
		82F12F34216B405A00FE32B0 /* CPBLtestTests.swift */ = {isa = PBXFileReference; lastKnownFileType = sourcecode.swift; path = CPBLtestTests.swift; sourceTree = "<group>"; };
		82F12F36216B405A00FE32B0 /* Info.plist */ = {isa = PBXFileReference; lastKnownFileType = text.plist.xml; path = Info.plist; sourceTree = "<group>"; };
		82F12F3B216B405A00FE32B0 /* CPBLtestUITests.xctest */ = {isa = PBXFileReference; explicitFileType = wrapper.cfbundle; includeInIndex = 0; path = CPBLtestUITests.xctest; sourceTree = BUILT_PRODUCTS_DIR; };
		82F12F3F216B405A00FE32B0 /* CPBLtestUITests.swift */ = {isa = PBXFileReference; lastKnownFileType = sourcecode.swift; path = CPBLtestUITests.swift; sourceTree = "<group>"; };
		82F12F41216B405A00FE32B0 /* Info.plist */ = {isa = PBXFileReference; lastKnownFileType = text.plist.xml; path = Info.plist; sourceTree = "<group>"; };
/* End PBXFileReference section */

/* Begin PBXFrameworksBuildPhase section */
		82F12F19216B405700FE32B0 /* Frameworks */ = {
			isa = PBXFrameworksBuildPhase;
			buildActionMask = 2147483647;
			files = (
			);
			runOnlyForDeploymentPostprocessing = 0;
		};
		82F12F2D216B405A00FE32B0 /* Frameworks */ = {
			isa = PBXFrameworksBuildPhase;
			buildActionMask = 2147483647;
			files = (
			);
			runOnlyForDeploymentPostprocessing = 0;
		};
		82F12F38216B405A00FE32B0 /* Frameworks */ = {
			isa = PBXFrameworksBuildPhase;
			buildActionMask = 2147483647;
			files = (
			);
			runOnlyForDeploymentPostprocessing = 0;
		};
/* End PBXFrameworksBuildPhase section */

/* Begin PBXGroup section */
		82F12F13216B405700FE32B0 = {
			isa = PBXGroup;
			children = (
				82F12F1E216B405700FE32B0 /* CPBLtest */,
				82F12F33216B405A00FE32B0 /* CPBLtestTests */,
				82F12F3E216B405A00FE32B0 /* CPBLtestUITests */,
				82F12F1D216B405700FE32B0 /* Products */,
			);
			sourceTree = "<group>";
		};
		82F12F1D216B405700FE32B0 /* Products */ = {
			isa = PBXGroup;
			children = (
				82F12F1C216B405700FE32B0 /* CPBLtest.app */,
				82F12F30216B405A00FE32B0 /* CPBLtestTests.xctest */,
				82F12F3B216B405A00FE32B0 /* CPBLtestUITests.xctest */,
			);
			name = Products;
			sourceTree = "<group>";
		};
		82F12F1E216B405700FE32B0 /* CPBLtest */ = {
			isa = PBXGroup;
			children = (
				82F12F1F216B405700FE32B0 /* AppDelegate.swift */,
				82F12F21216B405700FE32B0 /* ViewController.swift */,
				82F12F23216B405700FE32B0 /* Main.storyboard */,
				82F12F26216B405A00FE32B0 /* Assets.xcassets */,
				82F12F28216B405A00FE32B0 /* LaunchScreen.storyboard */,
				82F12F2B216B405A00FE32B0 /* Info.plist */,
			);
			path = CPBLtest;
			sourceTree = "<group>";
		};
		82F12F33216B405A00FE32B0 /* CPBLtestTests */ = {
			isa = PBXGroup;
			children = (
				82F12F34216B405A00FE32B0 /* CPBLtestTests.swift */,
				82F12F36216B405A00FE32B0 /* Info.plist */,
			);
			path = CPBLtestTests;
			sourceTree = "<group>";
		};
		82F12F3E216B405A00FE32B0 /* CPBLtestUITests */ = {
			isa = PBXGroup;
			children = (
				82F12F3F216B405A00FE32B0 /* CPBLtestUITests.swift */,
				82F12F41216B405A00FE32B0 /* Info.plist */,
			);
			path = CPBLtestUITests;
			sourceTree = "<group>";
		};
/* End PBXGroup section */

/* Begin PBXNativeTarget section */
		82F12F1B216B405700FE32B0 /* CPBLtest */ = {
			isa = PBXNativeTarget;
			buildConfigurationList = 82F12F44216B405A00FE32B0 /* Build configuration list for PBXNativeTarget "CPBLtest" */;
			buildPhases = (
				82F12F18216B405700FE32B0 /* Sources */,
				82F12F19216B405700FE32B0 /* Frameworks */,
				82F12F1A216B405700FE32B0 /* Resources */,
			);
			buildRules = (
			);
			dependencies = (
			);
			name = CPBLtest;
			productName = CPBLtest;
			productReference = 82F12F1C216B405700FE32B0 /* CPBLtest.app */;
			productType = "com.apple.product-type.application";
		};
		82F12F2F216B405A00FE32B0 /* CPBLtestTests */ = {
			isa = PBXNativeTarget;
			buildConfigurationList = 82F12F47216B405A00FE32B0 /* Build configuration list for PBXNativeTarget "CPBLtestTests" */;
			buildPhases = (
				82F12F2C216B405A00FE32B0 /* Sources */,
				82F12F2D216B405A00FE32B0 /* Frameworks */,
				82F12F2E216B405A00FE32B0 /* Resources */,
			);
			buildRules = (
			);
			dependencies = (
				82F12F32216B405A00FE32B0 /* PBXTargetDependency */,
			);
			name = CPBLtestTests;
			productName = CPBLtestTests;
			productReference = 82F12F30216B405A00FE32B0 /* CPBLtestTests.xctest */;
			productType = "com.apple.product-type.bundle.unit-test";
		};
		82F12F3A216B405A00FE32B0 /* CPBLtestUITests */ = {
			isa = PBXNativeTarget;
			buildConfigurationList = 82F12F4A216B405A00FE32B0 /* Build configuration list for PBXNativeTarget "CPBLtestUITests" */;
			buildPhases = (
				82F12F37216B405A00FE32B0 /* Sources */,
				82F12F38216B405A00FE32B0 /* Frameworks */,
				82F12F39216B405A00FE32B0 /* Resources */,
			);
			buildRules = (
			);
			dependencies = (
				82F12F3D216B405A00FE32B0 /* PBXTargetDependency */,
			);
			name = CPBLtestUITests;
			productName = CPBLtestUITests;
			productReference = 82F12F3B216B405A00FE32B0 /* CPBLtestUITests.xctest */;
			productType = "com.apple.product-type.bundle.ui-testing";
		};
/* End PBXNativeTarget section */

/* Begin PBXProject section */
		82F12F14216B405700FE32B0 /* Project object */ = {
			isa = PBXProject;
			attributes = {
				KnownAssetTags = (
					webView,
				);
				LastSwiftUpdateCheck = 1000;
				LastUpgradeCheck = 1000;
				ORGANIZATIONNAME = "Tim Syu";
				TargetAttributes = {
					82F12F1B216B405700FE32B0 = {
						CreatedOnToolsVersion = 10.0;
					};
					82F12F2F216B405A00FE32B0 = {
						CreatedOnToolsVersion = 10.0;
						TestTargetID = 82F12F1B216B405700FE32B0;
					};
					82F12F3A216B405A00FE32B0 = {
						CreatedOnToolsVersion = 10.0;
						TestTargetID = 82F12F1B216B405700FE32B0;
					};
				};
			};
			buildConfigurationList = 82F12F17216B405700FE32B0 /* Build configuration list for PBXProject "CPBLtest" */;
			compatibilityVersion = "Xcode 9.3";
			developmentRegion = en;
			hasScannedForEncodings = 0;
			knownRegions = (
				en,
				Base,
			);
			mainGroup = 82F12F13216B405700FE32B0;
			productRefGroup = 82F12F1D216B405700FE32B0 /* Products */;
			projectDirPath = "";
			projectRoot = "";
			targets = (
				82F12F1B216B405700FE32B0 /* CPBLtest */,
				82F12F2F216B405A00FE32B0 /* CPBLtestTests */,
				82F12F3A216B405A00FE32B0 /* CPBLtestUITests */,
			);
		};
/* End PBXProject section */

/* Begin PBXResourcesBuildPhase section */
		82F12F1A216B405700FE32B0 /* Resources */ = {
			isa = PBXResourcesBuildPhase;
			buildActionMask = 2147483647;
			files = (
				82F12F2A216B405A00FE32B0 /* LaunchScreen.storyboard in Resources */,
				82F12F27216B405A00FE32B0 /* Assets.xcassets in Resources */,
				82F12F25216B405700FE32B0 /* Main.storyboard in Resources */,
			);
			runOnlyForDeploymentPostprocessing = 0;
		};
		82F12F2E216B405A00FE32B0 /* Resources */ = {
			isa = PBXResourcesBuildPhase;
			buildActionMask = 2147483647;
			files = (
				825B4B9721707181002AB0E9 /* Main.storyboard in Resources */,
			);
			runOnlyForDeploymentPostprocessing = 0;
		};
		82F12F39216B405A00FE32B0 /* Resources */ = {
			isa = PBXResourcesBuildPhase;
			buildActionMask = 2147483647;
			files = (
				825B4B9821707183002AB0E9 /* Main.storyboard in Resources */,
			);
			runOnlyForDeploymentPostprocessing = 0;
		};
/* End PBXResourcesBuildPhase section */

/* Begin PBXSourcesBuildPhase section */
		82F12F18216B405700FE32B0 /* Sources */ = {
			isa = PBXSourcesBuildPhase;
			buildActionMask = 2147483647;
			files = (
				82F12F22216B405700FE32B0 /* ViewController.swift in Sources */,
				82F12F20216B405700FE32B0 /* AppDelegate.swift in Sources */,
			);
			runOnlyForDeploymentPostprocessing = 0;
		};
		82F12F2C216B405A00FE32B0 /* Sources */ = {
			isa = PBXSourcesBuildPhase;
			buildActionMask = 2147483647;
			files = (
				82F12F35216B405A00FE32B0 /* CPBLtestTests.swift in Sources */,
			);
			runOnlyForDeploymentPostprocessing = 0;
		};
		82F12F37216B405A00FE32B0 /* Sources */ = {
			isa = PBXSourcesBuildPhase;
			buildActionMask = 2147483647;
			files = (
				82F12F40216B405A00FE32B0 /* CPBLtestUITests.swift in Sources */,
			);
			runOnlyForDeploymentPostprocessing = 0;
		};
/* End PBXSourcesBuildPhase section */

/* Begin PBXTargetDependency section */
		82F12F32216B405A00FE32B0 /* PBXTargetDependency */ = {
			isa = PBXTargetDependency;
			target = 82F12F1B216B405700FE32B0 /* CPBLtest */;
			targetProxy = 82F12F31216B405A00FE32B0 /* PBXContainerItemProxy */;
		};
		82F12F3D216B405A00FE32B0 /* PBXTargetDependency */ = {
			isa = PBXTargetDependency;
			target = 82F12F1B216B405700FE32B0 /* CPBLtest */;
			targetProxy = 82F12F3C216B405A00FE32B0 /* PBXContainerItemProxy */;
		};
/* End PBXTargetDependency section */

/* Begin PBXVariantGroup section */
		82F12F23216B405700FE32B0 /* Main.storyboard */ = {
			isa = PBXVariantGroup;
			children = (
				82F12F24216B405700FE32B0 /* Base */,
			);
			name = Main.storyboard;
			sourceTree = "<group>";
		};
		82F12F28216B405A00FE32B0 /* LaunchScreen.storyboard */ = {
			isa = PBXVariantGroup;
			children = (
				82F12F29216B405A00FE32B0 /* Base */,
			);
			name = LaunchScreen.storyboard;
			sourceTree = "<group>";
		};
/* End PBXVariantGroup section */

/* Begin XCBuildConfiguration section */
		82F12F42216B405A00FE32B0 /* Debug */ = {
			isa = XCBuildConfiguration;
			buildSettings = {
				ALWAYS_SEARCH_USER_PATHS = NO;
				CLANG_ANALYZER_NONNULL = YES;
				CLANG_ANALYZER_NUMBER_OBJECT_CONVERSION = YES_AGGRESSIVE;
				CLANG_CXX_LANGUAGE_STANDARD = "gnu++14";
				CLANG_CXX_LIBRARY = "libc++";
				CLANG_ENABLE_MODULES = YES;
				CLANG_ENABLE_OBJC_ARC = YES;
				CLANG_ENABLE_OBJC_WEAK = YES;
				CLANG_WARN_BLOCK_CAPTURE_AUTORELEASING = YES;
				CLANG_WARN_BOOL_CONVERSION = YES;
				CLANG_WARN_COMMA = YES;
				CLANG_WARN_CONSTANT_CONVERSION = YES;
				CLANG_WARN_DEPRECATED_OBJC_IMPLEMENTATIONS = YES;
				CLANG_WARN_DIRECT_OBJC_ISA_USAGE = YES_ERROR;
				CLANG_WARN_DOCUMENTATION_COMMENTS = YES;
				CLANG_WARN_EMPTY_BODY = YES;
				CLANG_WARN_ENUM_CONVERSION = YES;
				CLANG_WARN_INFINITE_RECURSION = YES;
				CLANG_WARN_INT_CONVERSION = YES;
				CLANG_WARN_NON_LITERAL_NULL_CONVERSION = YES;
				CLANG_WARN_OBJC_IMPLICIT_RETAIN_SELF = YES;
				CLANG_WARN_OBJC_LITERAL_CONVERSION = YES;
				CLANG_WARN_OBJC_ROOT_CLASS = YES_ERROR;
				CLANG_WARN_RANGE_LOOP_ANALYSIS = YES;
				CLANG_WARN_STRICT_PROTOTYPES = YES;
				CLANG_WARN_SUSPICIOUS_MOVE = YES;
				CLANG_WARN_UNGUARDED_AVAILABILITY = YES_AGGRESSIVE;
				CLANG_WARN_UNREACHABLE_CODE = YES;
				CLANG_WARN__DUPLICATE_METHOD_MATCH = YES;
				CODE_SIGN_IDENTITY = "iPhone Developer";
				COPY_PHASE_STRIP = NO;
				DEBUG_INFORMATION_FORMAT = dwarf;
				ENABLE_STRICT_OBJC_MSGSEND = YES;
				ENABLE_TESTABILITY = YES;
				GCC_C_LANGUAGE_STANDARD = gnu11;
				GCC_DYNAMIC_NO_PIC = NO;
				GCC_NO_COMMON_BLOCKS = YES;
				GCC_OPTIMIZATION_LEVEL = 0;
				GCC_PREPROCESSOR_DEFINITIONS = (
					"DEBUG=1",
					"$(inherited)",
				);
				GCC_WARN_64_TO_32_BIT_CONVERSION = YES;
				GCC_WARN_ABOUT_RETURN_TYPE = YES_ERROR;
				GCC_WARN_UNDECLARED_SELECTOR = YES;
				GCC_WARN_UNINITIALIZED_AUTOS = YES_AGGRESSIVE;
				GCC_WARN_UNUSED_FUNCTION = YES;
				GCC_WARN_UNUSED_VARIABLE = YES;
				IPHONEOS_DEPLOYMENT_TARGET = 12.0;
				MTL_ENABLE_DEBUG_INFO = INCLUDE_SOURCE;
				MTL_FAST_MATH = YES;
				ONLY_ACTIVE_ARCH = YES;
				SDKROOT = iphoneos;
				SWIFT_ACTIVE_COMPILATION_CONDITIONS = DEBUG;
				SWIFT_OPTIMIZATION_LEVEL = "-Onone";
			};
			name = Debug;
		};
		82F12F43216B405A00FE32B0 /* Release */ = {
			isa = XCBuildConfiguration;
			buildSettings = {
				ALWAYS_SEARCH_USER_PATHS = NO;
				CLANG_ANALYZER_NONNULL = YES;
				CLANG_ANALYZER_NUMBER_OBJECT_CONVERSION = YES_AGGRESSIVE;
				CLANG_CXX_LANGUAGE_STANDARD = "gnu++14";
				CLANG_CXX_LIBRARY = "libc++";
				CLANG_ENABLE_MODULES = YES;
				CLANG_ENABLE_OBJC_ARC = YES;
				CLANG_ENABLE_OBJC_WEAK = YES;
				CLANG_WARN_BLOCK_CAPTURE_AUTORELEASING = YES;
				CLANG_WARN_BOOL_CONVERSION = YES;
				CLANG_WARN_COMMA = YES;
				CLANG_WARN_CONSTANT_CONVERSION = YES;
				CLANG_WARN_DEPRECATED_OBJC_IMPLEMENTATIONS = YES;
				CLANG_WARN_DIRECT_OBJC_ISA_USAGE = YES_ERROR;
				CLANG_WARN_DOCUMENTATION_COMMENTS = YES;
				CLANG_WARN_EMPTY_BODY = YES;
				CLANG_WARN_ENUM_CONVERSION = YES;
				CLANG_WARN_INFINITE_RECURSION = YES;
				CLANG_WARN_INT_CONVERSION = YES;
				CLANG_WARN_NON_LITERAL_NULL_CONVERSION = YES;
				CLANG_WARN_OBJC_IMPLICIT_RETAIN_SELF = YES;
				CLANG_WARN_OBJC_LITERAL_CONVERSION = YES;
				CLANG_WARN_OBJC_ROOT_CLASS = YES_ERROR;
				CLANG_WARN_RANGE_LOOP_ANALYSIS = YES;
				CLANG_WARN_STRICT_PROTOTYPES = YES;
				CLANG_WARN_SUSPICIOUS_MOVE = YES;
				CLANG_WARN_UNGUARDED_AVAILABILITY = YES_AGGRESSIVE;
				CLANG_WARN_UNREACHABLE_CODE = YES;
				CLANG_WARN__DUPLICATE_METHOD_MATCH = YES;
				CODE_SIGN_IDENTITY = "iPhone Developer";
				COPY_PHASE_STRIP = NO;
				DEBUG_INFORMATION_FORMAT = "dwarf-with-dsym";
				ENABLE_NS_ASSERTIONS = NO;
				ENABLE_STRICT_OBJC_MSGSEND = YES;
				GCC_C_LANGUAGE_STANDARD = gnu11;
				GCC_NO_COMMON_BLOCKS = YES;
				GCC_WARN_64_TO_32_BIT_CONVERSION = YES;
				GCC_WARN_ABOUT_RETURN_TYPE = YES_ERROR;
				GCC_WARN_UNDECLARED_SELECTOR = YES;
				GCC_WARN_UNINITIALIZED_AUTOS = YES_AGGRESSIVE;
				GCC_WARN_UNUSED_FUNCTION = YES;
				GCC_WARN_UNUSED_VARIABLE = YES;
				IPHONEOS_DEPLOYMENT_TARGET = 12.0;
				MTL_ENABLE_DEBUG_INFO = NO;
				MTL_FAST_MATH = YES;
				SDKROOT = iphoneos;
				SWIFT_COMPILATION_MODE = wholemodule;
				SWIFT_OPTIMIZATION_LEVEL = "-O";
				VALIDATE_PRODUCT = YES;
			};
			name = Release;
		};
		82F12F45216B405A00FE32B0 /* Debug */ = {
			isa = XCBuildConfiguration;
			buildSettings = {
				ASSETCATALOG_COMPILER_APPICON_NAME = AppIcon;
				CODE_SIGN_STYLE = Automatic;
				INFOPLIST_FILE = CPBLtest/Info.plist;
				LD_RUNPATH_SEARCH_PATHS = (
					"$(inherited)",
					"@executable_path/Frameworks",
				);
				PRODUCT_BUNDLE_IDENTIFIER = Tim.Syu.CPBLtest;
				PRODUCT_NAME = "$(TARGET_NAME)";
				SWIFT_VERSION = 4.2;
				TARGETED_DEVICE_FAMILY = "1,2";
			};
			name = Debug;
		};
		82F12F46216B405A00FE32B0 /* Release */ = {
			isa = XCBuildConfiguration;
			buildSettings = {
				ASSETCATALOG_COMPILER_APPICON_NAME = AppIcon;
				CODE_SIGN_STYLE = Automatic;
				INFOPLIST_FILE = CPBLtest/Info.plist;
				LD_RUNPATH_SEARCH_PATHS = (
					"$(inherited)",
					"@executable_path/Frameworks",
				);
				PRODUCT_BUNDLE_IDENTIFIER = Tim.Syu.CPBLtest;
				PRODUCT_NAME = "$(TARGET_NAME)";
				SWIFT_VERSION = 4.2;
				TARGETED_DEVICE_FAMILY = "1,2";
			};
			name = Release;
		};
		82F12F48216B405A00FE32B0 /* Debug */ = {
			isa = XCBuildConfiguration;
			buildSettings = {
				ALWAYS_EMBED_SWIFT_STANDARD_LIBRARIES = YES;
				BUNDLE_LOADER = "$(TEST_HOST)";
				CODE_SIGN_STYLE = Automatic;
				INFOPLIST_FILE = CPBLtestTests/Info.plist;
				LD_RUNPATH_SEARCH_PATHS = (
					"$(inherited)",
					"@executable_path/Frameworks",
					"@loader_path/Frameworks",
				);
				PRODUCT_BUNDLE_IDENTIFIER = Tim.Syu.CPBLtestTests;
				PRODUCT_NAME = "$(TARGET_NAME)";
				SWIFT_VERSION = 4.2;
				TARGETED_DEVICE_FAMILY = "1,2";
				TEST_HOST = "$(BUILT_PRODUCTS_DIR)/CPBLtest.app/CPBLtest";
			};
			name = Debug;
		};
		82F12F49216B405A00FE32B0 /* Release */ = {
			isa = XCBuildConfiguration;
			buildSettings = {
				ALWAYS_EMBED_SWIFT_STANDARD_LIBRARIES = YES;
				BUNDLE_LOADER = "$(TEST_HOST)";
				CODE_SIGN_STYLE = Automatic;
				INFOPLIST_FILE = CPBLtestTests/Info.plist;
				LD_RUNPATH_SEARCH_PATHS = (
					"$(inherited)",
					"@executable_path/Frameworks",
					"@loader_path/Frameworks",
				);
				PRODUCT_BUNDLE_IDENTIFIER = Tim.Syu.CPBLtestTests;
				PRODUCT_NAME = "$(TARGET_NAME)";
				SWIFT_VERSION = 4.2;
				TARGETED_DEVICE_FAMILY = "1,2";
				TEST_HOST = "$(BUILT_PRODUCTS_DIR)/CPBLtest.app/CPBLtest";
			};
			name = Release;
		};
		82F12F4B216B405A00FE32B0 /* Debug */ = {
			isa = XCBuildConfiguration;
			buildSettings = {
				ALWAYS_EMBED_SWIFT_STANDARD_LIBRARIES = YES;
				CODE_SIGN_STYLE = Automatic;
				INFOPLIST_FILE = CPBLtestUITests/Info.plist;
				LD_RUNPATH_SEARCH_PATHS = (
					"$(inherited)",
					"@executable_path/Frameworks",
					"@loader_path/Frameworks",
				);
				PRODUCT_BUNDLE_IDENTIFIER = Tim.Syu.CPBLtestUITests;
				PRODUCT_NAME = "$(TARGET_NAME)";
				SWIFT_VERSION = 4.2;
				TARGETED_DEVICE_FAMILY = "1,2";
				TEST_TARGET_NAME = CPBLtest;
			};
			name = Debug;
		};
		82F12F4C216B405A00FE32B0 /* Release */ = {
			isa = XCBuildConfiguration;
			buildSettings = {
				ALWAYS_EMBED_SWIFT_STANDARD_LIBRARIES = YES;
				CODE_SIGN_STYLE = Automatic;
				INFOPLIST_FILE = CPBLtestUITests/Info.plist;
				LD_RUNPATH_SEARCH_PATHS = (
					"$(inherited)",
					"@executable_path/Frameworks",
					"@loader_path/Frameworks",
				);
				PRODUCT_BUNDLE_IDENTIFIER = Tim.Syu.CPBLtestUITests;
				PRODUCT_NAME = "$(TARGET_NAME)";
				SWIFT_VERSION = 4.2;
				TARGETED_DEVICE_FAMILY = "1,2";
				TEST_TARGET_NAME = CPBLtest;
			};
			name = Release;
		};
/* End XCBuildConfiguration section */

/* Begin XCConfigurationList section */
		82F12F17216B405700FE32B0 /* Build configuration list for PBXProject "CPBLtest" */ = {
			isa = XCConfigurationList;
			buildConfigurations = (
				82F12F42216B405A00FE32B0 /* Debug */,
				82F12F43216B405A00FE32B0 /* Release */,
			);
			defaultConfigurationIsVisible = 0;
			defaultConfigurationName = Release;
		};
		82F12F44216B405A00FE32B0 /* Build configuration list for PBXNativeTarget "CPBLtest" */ = {
			isa = XCConfigurationList;
			buildConfigurations = (
				82F12F45216B405A00FE32B0 /* Debug */,
				82F12F46216B405A00FE32B0 /* Release */,
			);
			defaultConfigurationIsVisible = 0;
			defaultConfigurationName = Release;
		};
		82F12F47216B405A00FE32B0 /* Build configuration list for PBXNativeTarget "CPBLtestTests" */ = {
			isa = XCConfigurationList;
			buildConfigurations = (
				82F12F48216B405A00FE32B0 /* Debug */,
				82F12F49216B405A00FE32B0 /* Release */,
			);
			defaultConfigurationIsVisible = 0;
			defaultConfigurationName = Release;
		};
		82F12F4A216B405A00FE32B0 /* Build configuration list for PBXNativeTarget "CPBLtestUITests" */ = {
			isa = XCConfigurationList;
			buildConfigurations = (
				82F12F4B216B405A00FE32B0 /* Debug */,
				82F12F4C216B405A00FE32B0 /* Release */,
			);
			defaultConfigurationIsVisible = 0;
			defaultConfigurationName = Release;
		};
/* End XCConfigurationList section */
	};
	rootObject = 82F12F14216B405700FE32B0 /* Project object */;
}
